
Microsoft Visual Studio Solution File, Format Version 12.00
# Visual Studio 2015
Project("{FAE04EC0-301F-11D3-BF4B-00C04F79EFBC}") = "Anthem of Iron.CSharp.Plugins", "Anthem of Iron.CSharp.Plugins.csproj", "{94063AD5-FCC0-0B93-9220-3CE01A35E9B7}"
EndProject
Project("{FAE04EC0-301F-11D3-BF4B-00C04F79EFBC}") = "Anthem of Iron.CSharp", "Anthem of Iron.CSharp.csproj", "{42D8FF5C-8AD3-B433-69C4-8297E9E8A62C}"
EndProject
Project("{FAE04EC0-301F-11D3-BF4B-00C04F79EFBC}") = "Anthem of Iron.CSharp.Editor", "Anthem of Iron.CSharp.Editor.csproj", "{909EC463-7038-D29A-24A9-58E516547087}"
EndProject
Global
	GlobalSection(SolutionConfigurationPlatforms) = preSolution
		Debug|Any CPU = Debug|Any CPU
		Release|Any CPU = Release|Any CPU
	EndGlobalSection
	GlobalSection(ProjectConfigurationPlatforms) = postSolution
		{94063AD5-FCC0-0B93-9220-3CE01A35E9B7}.Debug|Any CPU.ActiveCfg = Debug|Any CPU
		{94063AD5-FCC0-0B93-9220-3CE01A35E9B7}.Debug|Any CPU.Build.0 = Debug|Any CPU
		{94063AD5-FCC0-0B93-9220-3CE01A35E9B7}.Release|Any CPU.ActiveCfg = Release|Any CPU
		{94063AD5-FCC0-0B93-9220-3CE01A35E9B7}.Release|Any CPU.Build.0 = Release|Any CPU
		{42D8FF5C-8AD3-B433-69C4-8297E9E8A62C}.Debug|Any CPU.ActiveCfg = Debug|Any CPU
		{42D8FF5C-8AD3-B433-69C4-8297E9E8A62C}.Debug|Any CPU.Build.0 = Debug|Any CPU
		{42D8FF5C-8AD3-B433-69C4-8297E9E8A62C}.Release|Any CPU.ActiveCfg = Release|Any CPU
		{42D8FF5C-8AD3-B433-69C4-8297E9E8A62C}.Release|Any CPU.Build.0 = Release|Any CPU
		{909EC463-7038-D29A-24A9-58E516547087}.Debug|Any CPU.ActiveCfg = Debug|Any CPU
		{909EC463-7038-D29A-24A9-58E516547087}.Debug|Any CPU.Build.0 = Debug|Any CPU
		{909EC463-7038-D29A-24A9-58E516547087}.Release|Any CPU.ActiveCfg = Release|Any CPU
		{909EC463-7038-D29A-24A9-58E516547087}.Release|Any CPU.Build.0 = Release|Any CPU
	EndGlobalSection
	GlobalSection(SolutionProperties) = preSolution
		HideSolutionNode = FALSE
	EndGlobalSection
EndGlobal
